
Microsoft Visual Studio Solution File, Format Version 12.00
# Visual Studio Version 17
VisualStudioVersion = 17.11.35208.52
MinimumVisualStudioVersion = 10.0.40219.1
Project("{8BC9CEB8-8B4A-11D0-8D11-00A0C91BC942}") = "bank", "bank\bank.vcxproj", "{A3514823-692D-43E0-A1BC-47E0F475166C}"
EndProject
Global
	GlobalSection(SolutionConfigurationPlatforms) = preSolution
		Debug|x64 = Debug|x64
		Debug|x86 = Debug|x86
		Release|x64 = Release|x64
		Release|x86 = Release|x86
	EndGlobalSection
	GlobalSection(ProjectConfigurationPlatforms) = postSolution
		{A3514823-692D-43E0-A1BC-47E0F475166C}.Debug|x64.ActiveCfg = Debug|x64
		{A3514823-692D-43E0-A1BC-47E0F475166C}.Debug|x64.Build.0 = Debug|x64
		{A3514823-692D-43E0-A1BC-47E0F475166C}.Debug|x86.ActiveCfg = Debug|Win32
		{A3514823-692D-43E0-A1BC-47E0F475166C}.Debug|x86.Build.0 = Debug|Win32
		{A3514823-692D-43E0-A1BC-47E0F475166C}.Release|x64.ActiveCfg = Release|x64
		{A3514823-692D-43E0-A1BC-47E0F475166C}.Release|x64.Build.0 = Release|x64
		{A3514823-692D-43E0-A1BC-47E0F475166C}.Release|x86.ActiveCfg = Release|Win32
		{A3514823-692D-43E0-A1BC-47E0F475166C}.Release|x86.Build.0 = Release|Win32
	EndGlobalSection
	GlobalSection(SolutionProperties) = preSolution
		HideSolutionNode = FALSE
	EndGlobalSection
	GlobalSection(ExtensibilityGlobals) = postSolution
		SolutionGuid = {0394A991-1491-4211-9610-FFF4B6BB3CCF}
	EndGlobalSection
EndGlobal
